// !$*UTF8*$!
{
	archiveVersion = 1;
	classes = {
	};
	objectVersion = 50;
	objects = {

/* Begin PBXBuildFile section */
		3B32ACB22209ABBF005ABBAB /* AppDelegate.swift in Sources */ = {isa = PBXBuildFile; fileRef = 3B32ACB12209ABBF005ABBAB /* AppDelegate.swift */; };
		3B32ACB42209ABBF005ABBAB /* ViewController.swift in Sources */ = {isa = PBXBuildFile; fileRef = 3B32ACB32209ABBF005ABBAB /* ViewController.swift */; };
		3B32ACB72209ABBF005ABBAB /* Main.storyboard in Resources */ = {isa = PBXBuildFile; fileRef = 3B32ACB52209ABBF005ABBAB /* Main.storyboard */; };
		3B32ACB92209ABC0005ABBAB /* Assets.xcassets in Resources */ = {isa = PBXBuildFile; fileRef = 3B32ACB82209ABC0005ABBAB /* Assets.xcassets */; };
		3B32ACBC2209ABC0005ABBAB /* LaunchScreen.storyboard in Resources */ = {isa = PBXBuildFile; fileRef = 3B32ACBA2209ABC0005ABBAB /* LaunchScreen.storyboard */; };
/* End PBXBuildFile section */

/* Begin PBXFileReference section */
		3B32ACAE2209ABBF005ABBAB /* Lesson 15: Demo textfiled - label.app */ = {isa = PBXFileReference; explicitFileType = wrapper.application; includeInIndex = 0; path = "Lesson 15: Demo textfiled - label.app"; sourceTree = BUILT_PRODUCTS_DIR; };
		3B32ACB12209ABBF005ABBAB /* AppDelegate.swift */ = {isa = PBXFileReference; lastKnownFileType = sourcecode.swift; path = AppDelegate.swift; sourceTree = "<group>"; };
		3B32ACB32209ABBF005ABBAB /* ViewController.swift */ = {isa = PBXFileReference; lastKnownFileType = sourcecode.swift; path = ViewController.swift; sourceTree = "<group>"; };
		3B32ACB62209ABBF005ABBAB /* Base */ = {isa = PBXFileReference; lastKnownFileType = file.storyboard; name = Base; path = Base.lproj/Main.storyboard; sourceTree = "<group>"; };
		3B32ACB82209ABC0005ABBAB /* Assets.xcassets */ = {isa = PBXFileReference; lastKnownFileType = folder.assetcatalog; path = Assets.xcassets; sourceTree = "<group>"; };
		3B32ACBB2209ABC0005ABBAB /* Base */ = {isa = PBXFileReference; lastKnownFileType = file.storyboard; name = Base; path = Base.lproj/LaunchScreen.storyboard; sourceTree = "<group>"; };
		3B32ACBD2209ABC0005ABBAB /* Info.plist */ = {isa = PBXFileReference; lastKnownFileType = text.plist.xml; path = Info.plist; sourceTree = "<group>"; };
/* End PBXFileReference section */

/* Begin PBXFrameworksBuildPhase section */
		3B32ACAB2209ABBF005ABBAB /* Frameworks */ = {
			isa = PBXFrameworksBuildPhase;
			buildActionMask = 2147483647;
			files = (
			);
			runOnlyForDeploymentPostprocessing = 0;
		};
/* End PBXFrameworksBuildPhase section */

/* Begin PBXGroup section */
		3B32ACA52209ABBF005ABBAB = {
			isa = PBXGroup;
			children = (
				3B32ACB02209ABBF005ABBAB /* Lesson 15: Demo textfiled - label */,
				3B32ACAF2209ABBF005ABBAB /* Products */,
			);
			sourceTree = "<group>";
		};
		3B32ACAF2209ABBF005ABBAB /* Products */ = {
			isa = PBXGroup;
			children = (
				3B32ACAE2209ABBF005ABBAB /* Lesson 15: Demo textfiled - label.app */,
			);
			name = Products;
			sourceTree = "<group>";
		};
		3B32ACB02209ABBF005ABBAB /* Lesson 15: Demo textfiled - label */ = {
			isa = PBXGroup;
			children = (
				3B32ACB12209ABBF005ABBAB /* AppDelegate.swift */,
				3B32ACB32209ABBF005ABBAB /* ViewController.swift */,
				3B32ACB52209ABBF005ABBAB /* Main.storyboard */,
				3B32ACB82209ABC0005ABBAB /* Assets.xcassets */,
				3B32ACBA2209ABC0005ABBAB /* LaunchScreen.storyboard */,
				3B32ACBD2209ABC0005ABBAB /* Info.plist */,
			);
			path = "Lesson 15: Demo textfiled - label";
			sourceTree = "<group>";
		};
/* End PBXGroup section */

/* Begin PBXNativeTarget section */
		3B32ACAD2209ABBF005ABBAB /* Lesson 15: Demo textfiled - label */ = {
			isa = PBXNativeTarget;
			buildConfigurationList = 3B32ACC02209ABC0005ABBAB /* Build configuration list for PBXNativeTarget "Lesson 15: Demo textfiled - label" */;
			buildPhases = (
				3B32ACAA2209ABBF005ABBAB /* Sources */,
				3B32ACAB2209ABBF005ABBAB /* Frameworks */,
				3B32ACAC2209ABBF005ABBAB /* Resources */,
			);
			buildRules = (
			);
			dependencies = (
			);
			name = "Lesson 15: Demo textfiled - label";
			productName = "Lesson 15: Demo textfiled - label";
			productReference = 3B32ACAE2209ABBF005ABBAB /* Lesson 15: Demo textfiled - label.app */;
			productType = "com.apple.product-type.application";
		};
/* End PBXNativeTarget section */

/* Begin PBXProject section */
		3B32ACA62209ABBF005ABBAB /* Project object */ = {
			isa = PBXProject;
			attributes = {
				LastSwiftUpdateCheck = 1010;
				LastUpgradeCheck = 1010;
				ORGANIZATIONNAME = "Hoang Viet";
				TargetAttributes = {
					3B32ACAD2209ABBF005ABBAB = {
						CreatedOnToolsVersion = 10.1;
					};
				};
			};
			buildConfigurationList = 3B32ACA92209ABBF005ABBAB /* Build configuration list for PBXProject "Lesson 15: Demo textfiled - label" */;
			compatibilityVersion = "Xcode 9.3";
			developmentRegion = en;
			hasScannedForEncodings = 0;
			knownRegions = (
				en,
				Base,
			);
			mainGroup = 3B32ACA52209ABBF005ABBAB;
			productRefGroup = 3B32ACAF2209ABBF005ABBAB /* Products */;
			projectDirPath = "";
			projectRoot = "";
			targets = (
				3B32ACAD2209ABBF005ABBAB /* Lesson 15: Demo textfiled - label */,
			);
		};
/* End PBXProject section */

/* Begin PBXResourcesBuildPhase section */
		3B32ACAC2209ABBF005ABBAB /* Resources */ = {
			isa = PBXResourcesBuildPhase;
			buildActionMask = 2147483647;
			files = (
				3B32ACBC2209ABC0005ABBAB /* LaunchScreen.storyboard in Resources */,
				3B32ACB92209ABC0005ABBAB /* Assets.xcassets in Resources */,
				3B32ACB72209ABBF005ABBAB /* Main.storyboard in Resources */,
			);
			runOnlyForDeploymentPostprocessing = 0;
		};
/* End PBXResourcesBuildPhase section */

/* Begin PBXSourcesBuildPhase section */
		3B32ACAA2209ABBF005ABBAB /* Sources */ = {
			isa = PBXSourcesBuildPhase;
			buildActionMask = 2147483647;
			files = (
				3B32ACB42209ABBF005ABBAB /* ViewController.swift in Sources */,
				3B32ACB22209ABBF005ABBAB /* AppDelegate.swift in Sources */,
			);
			runOnlyForDeploymentPostprocessing = 0;
		};
/* End PBXSourcesBuildPhase section */

/* Begin PBXVariantGroup section */
		3B32ACB52209ABBF005ABBAB /* Main.storyboard */ = {
			isa = PBXVariantGroup;
			children = (
				3B32ACB62209ABBF005ABBAB /* Base */,
			);
			name = Main.storyboard;
			sourceTree = "<group>";
		};
		3B32ACBA2209ABC0005ABBAB /* LaunchScreen.storyboard */ = {
			isa = PBXVariantGroup;
			children = (
				3B32ACBB2209ABC0005ABBAB /* Base */,
			);
			name = LaunchScreen.storyboard;
			sourceTree = "<group>";
		};
/* End PBXVariantGroup section */

/* Begin XCBuildConfiguration section */
		3B32ACBE2209ABC0005ABBAB /* Debug */ = {
			isa = XCBuildConfiguration;
			buildSettings = {
				ALWAYS_SEARCH_USER_PATHS = NO;
				CLANG_ANALYZER_NONNULL = YES;
				CLANG_ANALYZER_NUMBER_OBJECT_CONVERSION = YES_AGGRESSIVE;
				CLANG_CXX_LANGUAGE_STANDARD = "gnu++14";
				CLANG_CXX_LIBRARY = "libc++";
				CLANG_ENABLE_MODULES = YES;
				CLANG_ENABLE_OBJC_ARC = YES;
				CLANG_ENABLE_OBJC_WEAK = YES;
				CLANG_WARN_BLOCK_CAPTURE_AUTORELEASING = YES;
				CLANG_WARN_BOOL_CONVERSION = YES;
				CLANG_WARN_COMMA = YES;
				CLANG_WARN_CONSTANT_CONVERSION = YES;
				CLANG_WARN_DEPRECATED_OBJC_IMPLEMENTATIONS = YES;
				CLANG_WARN_DIRECT_OBJC_ISA_USAGE = YES_ERROR;
				CLANG_WARN_DOCUMENTATION_COMMENTS = YES;
				CLANG_WARN_EMPTY_BODY = YES;
				CLANG_WARN_ENUM_CONVERSION = YES;
				CLANG_WARN_INFINITE_RECURSION = YES;
				CLANG_WARN_INT_CONVERSION = YES;
				CLANG_WARN_NON_LITERAL_NULL_CONVERSION = YES;
				CLANG_WARN_OBJC_IMPLICIT_RETAIN_SELF = YES;
				CLANG_WARN_OBJC_LITERAL_CONVERSION = YES;
				CLANG_WARN_OBJC_ROOT_CLASS = YES_ERROR;
				CLANG_WARN_RANGE_LOOP_ANALYSIS = YES;
				CLANG_WARN_STRICT_PROTOTYPES = YES;
				CLANG_WARN_SUSPICIOUS_MOVE = YES;
				CLANG_WARN_UNGUARDED_AVAILABILITY = YES_AGGRESSIVE;
				CLANG_WARN_UNREACHABLE_CODE = YES;
				CLANG_WARN__DUPLICATE_METHOD_MATCH = YES;
				CODE_SIGN_IDENTITY = "iPhone Developer";
				COPY_PHASE_STRIP = NO;
				DEBUG_INFORMATION_FORMAT = dwarf;
				ENABLE_STRICT_OBJC_MSGSEND = YES;
				ENABLE_TESTABILITY = YES;
				GCC_C_LANGUAGE_STANDARD = gnu11;
				GCC_DYNAMIC_NO_PIC = NO;
				GCC_NO_COMMON_BLOCKS = YES;
				GCC_OPTIMIZATION_LEVEL = 0;
				GCC_PREPROCESSOR_DEFINITIONS = (
					"DEBUG=1",
					"$(inherited)",
				);
				GCC_WARN_64_TO_32_BIT_CONVERSION = YES;
				GCC_WARN_ABOUT_RETURN_TYPE = YES_ERROR;
				GCC_WARN_UNDECLARED_SELECTOR = YES;
				GCC_WARN_UNINITIALIZED_AUTOS = YES_AGGRESSIVE;
				GCC_WARN_UNUSED_FUNCTION = YES;
				GCC_WARN_UNUSED_VARIABLE = YES;
				IPHONEOS_DEPLOYMENT_TARGET = 12.1;
				MTL_ENABLE_DEBUG_INFO = INCLUDE_SOURCE;
				MTL_FAST_MATH = YES;
				ONLY_ACTIVE_ARCH = YES;
				SDKROOT = iphoneos;
				SWIFT_ACTIVE_COMPILATION_CONDITIONS = DEBUG;
				SWIFT_OPTIMIZATION_LEVEL = "-Onone";
			};
			name = Debug;
		};
		3B32ACBF2209ABC0005ABBAB /* Release */ = {
			isa = XCBuildConfiguration;
			buildSettings = {
				ALWAYS_SEARCH_USER_PATHS = NO;
				CLANG_ANALYZER_NONNULL = YES;
				CLANG_ANALYZER_NUMBER_OBJECT_CONVERSION = YES_AGGRESSIVE;
				CLANG_CXX_LANGUAGE_STANDARD = "gnu++14";
				CLANG_CXX_LIBRARY = "libc++";
				CLANG_ENABLE_MODULES = YES;
				CLANG_ENABLE_OBJC_ARC = YES;
				CLANG_ENABLE_OBJC_WEAK = YES;
				CLANG_WARN_BLOCK_CAPTURE_AUTORELEASING = YES;
				CLANG_WARN_BOOL_CONVERSION = YES;
				CLANG_WARN_COMMA = YES;
				CLANG_WARN_CONSTANT_CONVERSION = YES;
				CLANG_WARN_DEPRECATED_OBJC_IMPLEMENTATIONS = YES;
				CLANG_WARN_DIRECT_OBJC_ISA_USAGE = YES_ERROR;
				CLANG_WARN_DOCUMENTATION_COMMENTS = YES;
				CLANG_WARN_EMPTY_BODY = YES;
				CLANG_WARN_ENUM_CONVERSION = YES;
				CLANG_WARN_INFINITE_RECURSION = YES;
				CLANG_WARN_INT_CONVERSION = YES;
				CLANG_WARN_NON_LITERAL_NULL_CONVERSION = YES;
				CLANG_WARN_OBJC_IMPLICIT_RETAIN_SELF = YES;
				CLANG_WARN_OBJC_LITERAL_CONVERSION = YES;
				CLANG_WARN_OBJC_ROOT_CLASS = YES_ERROR;
				CLANG_WARN_RANGE_LOOP_ANALYSIS = YES;
				CLANG_WARN_STRICT_PROTOTYPES = YES;
				CLANG_WARN_SUSPICIOUS_MOVE = YES;
				CLANG_WARN_UNGUARDED_AVAILABILITY = YES_AGGRESSIVE;
				CLANG_WARN_UNREACHABLE_CODE = YES;
				CLANG_WARN__DUPLICATE_METHOD_MATCH = YES;
				CODE_SIGN_IDENTITY = "iPhone Developer";
				COPY_PHASE_STRIP = NO;
				DEBUG_INFORMATION_FORMAT = "dwarf-with-dsym";
				ENABLE_NS_ASSERTIONS = NO;
				ENABLE_STRICT_OBJC_MSGSEND = YES;
				GCC_C_LANGUAGE_STANDARD = gnu11;
				GCC_NO_COMMON_BLOCKS = YES;
				GCC_WARN_64_TO_32_BIT_CONVERSION = YES;
				GCC_WARN_ABOUT_RETURN_TYPE = YES_ERROR;
				GCC_WARN_UNDECLARED_SELECTOR = YES;
				GCC_WARN_UNINITIALIZED_AUTOS = YES_AGGRESSIVE;
				GCC_WARN_UNUSED_FUNCTION = YES;
				GCC_WARN_UNUSED_VARIABLE = YES;
				IPHONEOS_DEPLOYMENT_TARGET = 12.1;
				MTL_ENABLE_DEBUG_INFO = NO;
				MTL_FAST_MATH = YES;
				SDKROOT = iphoneos;
				SWIFT_COMPILATION_MODE = wholemodule;
				SWIFT_OPTIMIZATION_LEVEL = "-O";
				VALIDATE_PRODUCT = YES;
			};
			name = Release;
		};
		3B32ACC12209ABC0005ABBAB /* Debug */ = {
			isa = XCBuildConfiguration;
			buildSettings = {
				ASSETCATALOG_COMPILER_APPICON_NAME = AppIcon;
				CODE_SIGN_STYLE = Automatic;
				INFOPLIST_FILE = "Lesson 15: Demo textfiled - label/Info.plist";
				LD_RUNPATH_SEARCH_PATHS = (
					"$(inherited)",
					"@executable_path/Frameworks",
				);
				PRODUCT_BUNDLE_IDENTIFIER = "com.Lesson-15--Demo-textfiled---label";
				PRODUCT_NAME = "$(TARGET_NAME)";
				SWIFT_VERSION = 4.2;
				TARGETED_DEVICE_FAMILY = "1,2";
			};
			name = Debug;
		};
		3B32ACC22209ABC0005ABBAB /* Release */ = {
			isa = XCBuildConfiguration;
			buildSettings = {
				ASSETCATALOG_COMPILER_APPICON_NAME = AppIcon;
				CODE_SIGN_STYLE = Automatic;
				INFOPLIST_FILE = "Lesson 15: Demo textfiled - label/Info.plist";
				LD_RUNPATH_SEARCH_PATHS = (
					"$(inherited)",
					"@executable_path/Frameworks",
				);
				PRODUCT_BUNDLE_IDENTIFIER = "com.Lesson-15--Demo-textfiled---label";
				PRODUCT_NAME = "$(TARGET_NAME)";
				SWIFT_VERSION = 4.2;
				TARGETED_DEVICE_FAMILY = "1,2";
			};
			name = Release;
		};
/* End XCBuildConfiguration section */

/* Begin XCConfigurationList section */
		3B32ACA92209ABBF005ABBAB /* Build configuration list for PBXProject "Lesson 15: Demo textfiled - label" */ = {
			isa = XCConfigurationList;
			buildConfigurations = (
				3B32ACBE2209ABC0005ABBAB /* Debug */,
				3B32ACBF2209ABC0005ABBAB /* Release */,
			);
			defaultConfigurationIsVisible = 0;
			defaultConfigurationName = Release;
		};
		3B32ACC02209ABC0005ABBAB /* Build configuration list for PBXNativeTarget "Lesson 15: Demo textfiled - label" */ = {
			isa = XCConfigurationList;
			buildConfigurations = (
				3B32ACC12209ABC0005ABBAB /* Debug */,
				3B32ACC22209ABC0005ABBAB /* Release */,
			);
			defaultConfigurationIsVisible = 0;
			defaultConfigurationName = Release;
		};
/* End XCConfigurationList section */
	};
	rootObject = 3B32ACA62209ABBF005ABBAB /* Project object */;
}
