// !$*UTF8*$!
{
	archiveVersion = 1;
	classes = {
	};
	objectVersion = 50;
	objects = {

/* Begin PBXBuildFile section */
		3BFDA6EC224518C20021BE6C /* AppDelegate.swift in Sources */ = {isa = PBXBuildFile; fileRef = 3BFDA6EB224518C20021BE6C /* AppDelegate.swift */; };
		3BFDA6EE224518C20021BE6C /* ViewController.swift in Sources */ = {isa = PBXBuildFile; fileRef = 3BFDA6ED224518C20021BE6C /* ViewController.swift */; };
		3BFDA6F1224518C20021BE6C /* Main.storyboard in Resources */ = {isa = PBXBuildFile; fileRef = 3BFDA6EF224518C20021BE6C /* Main.storyboard */; };
		3BFDA6F3224518C40021BE6C /* Assets.xcassets in Resources */ = {isa = PBXBuildFile; fileRef = 3BFDA6F2224518C40021BE6C /* Assets.xcassets */; };
		3BFDA6F6224518C40021BE6C /* LaunchScreen.storyboard in Resources */ = {isa = PBXBuildFile; fileRef = 3BFDA6F4224518C40021BE6C /* LaunchScreen.storyboard */; };
/* End PBXBuildFile section */

/* Begin PBXFileReference section */
		3BFDA6E8224518C20021BE6C /* Lesson 63: Demo UIPanGestureRecognizer.app */ = {isa = PBXFileReference; explicitFileType = wrapper.application; includeInIndex = 0; path = "Lesson 63: Demo UIPanGestureRecognizer.app"; sourceTree = BUILT_PRODUCTS_DIR; };
		3BFDA6EB224518C20021BE6C /* AppDelegate.swift */ = {isa = PBXFileReference; lastKnownFileType = sourcecode.swift; path = AppDelegate.swift; sourceTree = "<group>"; };
		3BFDA6ED224518C20021BE6C /* ViewController.swift */ = {isa = PBXFileReference; lastKnownFileType = sourcecode.swift; path = ViewController.swift; sourceTree = "<group>"; };
		3BFDA6F0224518C20021BE6C /* Base */ = {isa = PBXFileReference; lastKnownFileType = file.storyboard; name = Base; path = Base.lproj/Main.storyboard; sourceTree = "<group>"; };
		3BFDA6F2224518C40021BE6C /* Assets.xcassets */ = {isa = PBXFileReference; lastKnownFileType = folder.assetcatalog; path = Assets.xcassets; sourceTree = "<group>"; };
		3BFDA6F5224518C40021BE6C /* Base */ = {isa = PBXFileReference; lastKnownFileType = file.storyboard; name = Base; path = Base.lproj/LaunchScreen.storyboard; sourceTree = "<group>"; };
		3BFDA6F7224518C40021BE6C /* Info.plist */ = {isa = PBXFileReference; lastKnownFileType = text.plist.xml; path = Info.plist; sourceTree = "<group>"; };
/* End PBXFileReference section */

/* Begin PBXFrameworksBuildPhase section */
		3BFDA6E5224518C20021BE6C /* Frameworks */ = {
			isa = PBXFrameworksBuildPhase;
			buildActionMask = 2147483647;
			files = (
			);
			runOnlyForDeploymentPostprocessing = 0;
		};
/* End PBXFrameworksBuildPhase section */

/* Begin PBXGroup section */
		3BFDA6DF224518C20021BE6C = {
			isa = PBXGroup;
			children = (
				3BFDA6EA224518C20021BE6C /* Lesson 63: Demo UIPanGestureRecognizer */,
				3BFDA6E9224518C20021BE6C /* Products */,
			);
			sourceTree = "<group>";
		};
		3BFDA6E9224518C20021BE6C /* Products */ = {
			isa = PBXGroup;
			children = (
				3BFDA6E8224518C20021BE6C /* Lesson 63: Demo UIPanGestureRecognizer.app */,
			);
			name = Products;
			sourceTree = "<group>";
		};
		3BFDA6EA224518C20021BE6C /* Lesson 63: Demo UIPanGestureRecognizer */ = {
			isa = PBXGroup;
			children = (
				3BFDA6EB224518C20021BE6C /* AppDelegate.swift */,
				3BFDA6ED224518C20021BE6C /* ViewController.swift */,
				3BFDA6EF224518C20021BE6C /* Main.storyboard */,
				3BFDA6F2224518C40021BE6C /* Assets.xcassets */,
				3BFDA6F4224518C40021BE6C /* LaunchScreen.storyboard */,
				3BFDA6F7224518C40021BE6C /* Info.plist */,
			);
			path = "Lesson 63: Demo UIPanGestureRecognizer";
			sourceTree = "<group>";
		};
/* End PBXGroup section */

/* Begin PBXNativeTarget section */
		3BFDA6E7224518C20021BE6C /* Lesson 63: Demo UIPanGestureRecognizer */ = {
			isa = PBXNativeTarget;
			buildConfigurationList = 3BFDA6FA224518C40021BE6C /* Build configuration list for PBXNativeTarget "Lesson 63: Demo UIPanGestureRecognizer" */;
			buildPhases = (
				3BFDA6E4224518C20021BE6C /* Sources */,
				3BFDA6E5224518C20021BE6C /* Frameworks */,
				3BFDA6E6224518C20021BE6C /* Resources */,
			);
			buildRules = (
			);
			dependencies = (
			);
			name = "Lesson 63: Demo UIPanGestureRecognizer";
			productName = "Lesson 63: Demo UIPanGestureRecognizer";
			productReference = 3BFDA6E8224518C20021BE6C /* Lesson 63: Demo UIPanGestureRecognizer.app */;
			productType = "com.apple.product-type.application";
		};
/* End PBXNativeTarget section */

/* Begin PBXProject section */
		3BFDA6E0224518C20021BE6C /* Project object */ = {
			isa = PBXProject;
			attributes = {
				LastSwiftUpdateCheck = 1010;
				LastUpgradeCheck = 1010;
				ORGANIZATIONNAME = "Hoang Viet";
				TargetAttributes = {
					3BFDA6E7224518C20021BE6C = {
						CreatedOnToolsVersion = 10.1;
					};
				};
			};
			buildConfigurationList = 3BFDA6E3224518C20021BE6C /* Build configuration list for PBXProject "Lesson 63: Demo UIPanGestureRecognizer" */;
			compatibilityVersion = "Xcode 9.3";
			developmentRegion = en;
			hasScannedForEncodings = 0;
			knownRegions = (
				en,
				Base,
			);
			mainGroup = 3BFDA6DF224518C20021BE6C;
			productRefGroup = 3BFDA6E9224518C20021BE6C /* Products */;
			projectDirPath = "";
			projectRoot = "";
			targets = (
				3BFDA6E7224518C20021BE6C /* Lesson 63: Demo UIPanGestureRecognizer */,
			);
		};
/* End PBXProject section */

/* Begin PBXResourcesBuildPhase section */
		3BFDA6E6224518C20021BE6C /* Resources */ = {
			isa = PBXResourcesBuildPhase;
			buildActionMask = 2147483647;
			files = (
				3BFDA6F6224518C40021BE6C /* LaunchScreen.storyboard in Resources */,
				3BFDA6F3224518C40021BE6C /* Assets.xcassets in Resources */,
				3BFDA6F1224518C20021BE6C /* Main.storyboard in Resources */,
			);
			runOnlyForDeploymentPostprocessing = 0;
		};
/* End PBXResourcesBuildPhase section */

/* Begin PBXSourcesBuildPhase section */
		3BFDA6E4224518C20021BE6C /* Sources */ = {
			isa = PBXSourcesBuildPhase;
			buildActionMask = 2147483647;
			files = (
				3BFDA6EE224518C20021BE6C /* ViewController.swift in Sources */,
				3BFDA6EC224518C20021BE6C /* AppDelegate.swift in Sources */,
			);
			runOnlyForDeploymentPostprocessing = 0;
		};
/* End PBXSourcesBuildPhase section */

/* Begin PBXVariantGroup section */
		3BFDA6EF224518C20021BE6C /* Main.storyboard */ = {
			isa = PBXVariantGroup;
			children = (
				3BFDA6F0224518C20021BE6C /* Base */,
			);
			name = Main.storyboard;
			sourceTree = "<group>";
		};
		3BFDA6F4224518C40021BE6C /* LaunchScreen.storyboard */ = {
			isa = PBXVariantGroup;
			children = (
				3BFDA6F5224518C40021BE6C /* Base */,
			);
			name = LaunchScreen.storyboard;
			sourceTree = "<group>";
		};
/* End PBXVariantGroup section */

/* Begin XCBuildConfiguration section */
		3BFDA6F8224518C40021BE6C /* Debug */ = {
			isa = XCBuildConfiguration;
			buildSettings = {
				ALWAYS_SEARCH_USER_PATHS = NO;
				CLANG_ANALYZER_NONNULL = YES;
				CLANG_ANALYZER_NUMBER_OBJECT_CONVERSION = YES_AGGRESSIVE;
				CLANG_CXX_LANGUAGE_STANDARD = "gnu++14";
				CLANG_CXX_LIBRARY = "libc++";
				CLANG_ENABLE_MODULES = YES;
				CLANG_ENABLE_OBJC_ARC = YES;
				CLANG_ENABLE_OBJC_WEAK = YES;
				CLANG_WARN_BLOCK_CAPTURE_AUTORELEASING = YES;
				CLANG_WARN_BOOL_CONVERSION = YES;
				CLANG_WARN_COMMA = YES;
				CLANG_WARN_CONSTANT_CONVERSION = YES;
				CLANG_WARN_DEPRECATED_OBJC_IMPLEMENTATIONS = YES;
				CLANG_WARN_DIRECT_OBJC_ISA_USAGE = YES_ERROR;
				CLANG_WARN_DOCUMENTATION_COMMENTS = YES;
				CLANG_WARN_EMPTY_BODY = YES;
				CLANG_WARN_ENUM_CONVERSION = YES;
				CLANG_WARN_INFINITE_RECURSION = YES;
				CLANG_WARN_INT_CONVERSION = YES;
				CLANG_WARN_NON_LITERAL_NULL_CONVERSION = YES;
				CLANG_WARN_OBJC_IMPLICIT_RETAIN_SELF = YES;
				CLANG_WARN_OBJC_LITERAL_CONVERSION = YES;
				CLANG_WARN_OBJC_ROOT_CLASS = YES_ERROR;
				CLANG_WARN_RANGE_LOOP_ANALYSIS = YES;
				CLANG_WARN_STRICT_PROTOTYPES = YES;
				CLANG_WARN_SUSPICIOUS_MOVE = YES;
				CLANG_WARN_UNGUARDED_AVAILABILITY = YES_AGGRESSIVE;
				CLANG_WARN_UNREACHABLE_CODE = YES;
				CLANG_WARN__DUPLICATE_METHOD_MATCH = YES;
				CODE_SIGN_IDENTITY = "iPhone Developer";
				COPY_PHASE_STRIP = NO;
				DEBUG_INFORMATION_FORMAT = dwarf;
				ENABLE_STRICT_OBJC_MSGSEND = YES;
				ENABLE_TESTABILITY = YES;
				GCC_C_LANGUAGE_STANDARD = gnu11;
				GCC_DYNAMIC_NO_PIC = NO;
				GCC_NO_COMMON_BLOCKS = YES;
				GCC_OPTIMIZATION_LEVEL = 0;
				GCC_PREPROCESSOR_DEFINITIONS = (
					"DEBUG=1",
					"$(inherited)",
				);
				GCC_WARN_64_TO_32_BIT_CONVERSION = YES;
				GCC_WARN_ABOUT_RETURN_TYPE = YES_ERROR;
				GCC_WARN_UNDECLARED_SELECTOR = YES;
				GCC_WARN_UNINITIALIZED_AUTOS = YES_AGGRESSIVE;
				GCC_WARN_UNUSED_FUNCTION = YES;
				GCC_WARN_UNUSED_VARIABLE = YES;
				IPHONEOS_DEPLOYMENT_TARGET = 12.1;
				MTL_ENABLE_DEBUG_INFO = INCLUDE_SOURCE;
				MTL_FAST_MATH = YES;
				ONLY_ACTIVE_ARCH = YES;
				SDKROOT = iphoneos;
				SWIFT_ACTIVE_COMPILATION_CONDITIONS = DEBUG;
				SWIFT_OPTIMIZATION_LEVEL = "-Onone";
			};
			name = Debug;
		};
		3BFDA6F9224518C40021BE6C /* Release */ = {
			isa = XCBuildConfiguration;
			buildSettings = {
				ALWAYS_SEARCH_USER_PATHS = NO;
				CLANG_ANALYZER_NONNULL = YES;
				CLANG_ANALYZER_NUMBER_OBJECT_CONVERSION = YES_AGGRESSIVE;
				CLANG_CXX_LANGUAGE_STANDARD = "gnu++14";
				CLANG_CXX_LIBRARY = "libc++";
				CLANG_ENABLE_MODULES = YES;
				CLANG_ENABLE_OBJC_ARC = YES;
				CLANG_ENABLE_OBJC_WEAK = YES;
				CLANG_WARN_BLOCK_CAPTURE_AUTORELEASING = YES;
				CLANG_WARN_BOOL_CONVERSION = YES;
				CLANG_WARN_COMMA = YES;
				CLANG_WARN_CONSTANT_CONVERSION = YES;
				CLANG_WARN_DEPRECATED_OBJC_IMPLEMENTATIONS = YES;
				CLANG_WARN_DIRECT_OBJC_ISA_USAGE = YES_ERROR;
				CLANG_WARN_DOCUMENTATION_COMMENTS = YES;
				CLANG_WARN_EMPTY_BODY = YES;
				CLANG_WARN_ENUM_CONVERSION = YES;
				CLANG_WARN_INFINITE_RECURSION = YES;
				CLANG_WARN_INT_CONVERSION = YES;
				CLANG_WARN_NON_LITERAL_NULL_CONVERSION = YES;
				CLANG_WARN_OBJC_IMPLICIT_RETAIN_SELF = YES;
				CLANG_WARN_OBJC_LITERAL_CONVERSION = YES;
				CLANG_WARN_OBJC_ROOT_CLASS = YES_ERROR;
				CLANG_WARN_RANGE_LOOP_ANALYSIS = YES;
				CLANG_WARN_STRICT_PROTOTYPES = YES;
				CLANG_WARN_SUSPICIOUS_MOVE = YES;
				CLANG_WARN_UNGUARDED_AVAILABILITY = YES_AGGRESSIVE;
				CLANG_WARN_UNREACHABLE_CODE = YES;
				CLANG_WARN__DUPLICATE_METHOD_MATCH = YES;
				CODE_SIGN_IDENTITY = "iPhone Developer";
				COPY_PHASE_STRIP = NO;
				DEBUG_INFORMATION_FORMAT = "dwarf-with-dsym";
				ENABLE_NS_ASSERTIONS = NO;
				ENABLE_STRICT_OBJC_MSGSEND = YES;
				GCC_C_LANGUAGE_STANDARD = gnu11;
				GCC_NO_COMMON_BLOCKS = YES;
				GCC_WARN_64_TO_32_BIT_CONVERSION = YES;
				GCC_WARN_ABOUT_RETURN_TYPE = YES_ERROR;
				GCC_WARN_UNDECLARED_SELECTOR = YES;
				GCC_WARN_UNINITIALIZED_AUTOS = YES_AGGRESSIVE;
				GCC_WARN_UNUSED_FUNCTION = YES;
				GCC_WARN_UNUSED_VARIABLE = YES;
				IPHONEOS_DEPLOYMENT_TARGET = 12.1;
				MTL_ENABLE_DEBUG_INFO = NO;
				MTL_FAST_MATH = YES;
				SDKROOT = iphoneos;
				SWIFT_COMPILATION_MODE = wholemodule;
				SWIFT_OPTIMIZATION_LEVEL = "-O";
				VALIDATE_PRODUCT = YES;
			};
			name = Release;
		};
		3BFDA6FB224518C40021BE6C /* Debug */ = {
			isa = XCBuildConfiguration;
			buildSettings = {
				ASSETCATALOG_COMPILER_APPICON_NAME = AppIcon;
				CODE_SIGN_STYLE = Automatic;
				DEVELOPMENT_TEAM = JRSZ4688V4;
				INFOPLIST_FILE = "Lesson 63: Demo UIPanGestureRecognizer/Info.plist";
				LD_RUNPATH_SEARCH_PATHS = (
					"$(inherited)",
					"@executable_path/Frameworks",
				);
				PRODUCT_BUNDLE_IDENTIFIER = "com.Lesson-63--Demo-UIPanGestureRecognizer";
				PRODUCT_NAME = "$(TARGET_NAME)";
				SWIFT_VERSION = 4.2;
				TARGETED_DEVICE_FAMILY = "1,2";
			};
			name = Debug;
		};
		3BFDA6FC224518C40021BE6C /* Release */ = {
			isa = XCBuildConfiguration;
			buildSettings = {
				ASSETCATALOG_COMPILER_APPICON_NAME = AppIcon;
				CODE_SIGN_STYLE = Automatic;
				DEVELOPMENT_TEAM = JRSZ4688V4;
				INFOPLIST_FILE = "Lesson 63: Demo UIPanGestureRecognizer/Info.plist";
				LD_RUNPATH_SEARCH_PATHS = (
					"$(inherited)",
					"@executable_path/Frameworks",
				);
				PRODUCT_BUNDLE_IDENTIFIER = "com.Lesson-63--Demo-UIPanGestureRecognizer";
				PRODUCT_NAME = "$(TARGET_NAME)";
				SWIFT_VERSION = 4.2;
				TARGETED_DEVICE_FAMILY = "1,2";
			};
			name = Release;
		};
/* End XCBuildConfiguration section */

/* Begin XCConfigurationList section */
		3BFDA6E3224518C20021BE6C /* Build configuration list for PBXProject "Lesson 63: Demo UIPanGestureRecognizer" */ = {
			isa = XCConfigurationList;
			buildConfigurations = (
				3BFDA6F8224518C40021BE6C /* Debug */,
				3BFDA6F9224518C40021BE6C /* Release */,
			);
			defaultConfigurationIsVisible = 0;
			defaultConfigurationName = Release;
		};
		3BFDA6FA224518C40021BE6C /* Build configuration list for PBXNativeTarget "Lesson 63: Demo UIPanGestureRecognizer" */ = {
			isa = XCConfigurationList;
			buildConfigurations = (
				3BFDA6FB224518C40021BE6C /* Debug */,
				3BFDA6FC224518C40021BE6C /* Release */,
			);
			defaultConfigurationIsVisible = 0;
			defaultConfigurationName = Release;
		};
/* End XCConfigurationList section */
	};
	rootObject = 3BFDA6E0224518C20021BE6C /* Project object */;
}
