// !$*UTF8*$!
{
	archiveVersion = 1;
	classes = {
	};
	objectVersion = 50;
	objects = {

/* Begin PBXBuildFile section */
		3B13B878224CDE7D00081C0D /* CellTableViewCell.swift in Sources */ = {isa = PBXBuildFile; fileRef = 3B13B877224CDE7D00081C0D /* CellTableViewCell.swift */; };
		3B13B87A224CEE5D00081C0D /* ViewControllerView.swift in Sources */ = {isa = PBXBuildFile; fileRef = 3B13B879224CEE5D00081C0D /* ViewControllerView.swift */; };
		3BECFB4722473DC10025BAB9 /* AppDelegate.swift in Sources */ = {isa = PBXBuildFile; fileRef = 3BECFB4622473DC10025BAB9 /* AppDelegate.swift */; };
		3BECFB4922473DC10025BAB9 /* ViewController.swift in Sources */ = {isa = PBXBuildFile; fileRef = 3BECFB4822473DC10025BAB9 /* ViewController.swift */; };
		3BECFB4C22473DC10025BAB9 /* Main.storyboard in Resources */ = {isa = PBXBuildFile; fileRef = 3BECFB4A22473DC10025BAB9 /* Main.storyboard */; };
		3BECFB4E22473DC20025BAB9 /* Assets.xcassets in Resources */ = {isa = PBXBuildFile; fileRef = 3BECFB4D22473DC20025BAB9 /* Assets.xcassets */; };
		3BECFB5122473DC20025BAB9 /* LaunchScreen.storyboard in Resources */ = {isa = PBXBuildFile; fileRef = 3BECFB4F22473DC20025BAB9 /* LaunchScreen.storyboard */; };
/* End PBXBuildFile section */

/* Begin PBXFileReference section */
		3B13B877224CDE7D00081C0D /* CellTableViewCell.swift */ = {isa = PBXFileReference; lastKnownFileType = sourcecode.swift; path = CellTableViewCell.swift; sourceTree = "<group>"; };
		3B13B879224CEE5D00081C0D /* ViewControllerView.swift */ = {isa = PBXFileReference; lastKnownFileType = sourcecode.swift; path = ViewControllerView.swift; sourceTree = "<group>"; };
		3BECFB4322473DC10025BAB9 /* Lesson 78 -> 82: Tableview.app */ = {isa = PBXFileReference; explicitFileType = wrapper.application; includeInIndex = 0; path = "Lesson 78 -> 82: Tableview.app"; sourceTree = BUILT_PRODUCTS_DIR; };
		3BECFB4622473DC10025BAB9 /* AppDelegate.swift */ = {isa = PBXFileReference; lastKnownFileType = sourcecode.swift; path = AppDelegate.swift; sourceTree = "<group>"; };
		3BECFB4822473DC10025BAB9 /* ViewController.swift */ = {isa = PBXFileReference; lastKnownFileType = sourcecode.swift; path = ViewController.swift; sourceTree = "<group>"; };
		3BECFB4B22473DC10025BAB9 /* Base */ = {isa = PBXFileReference; lastKnownFileType = file.storyboard; name = Base; path = Base.lproj/Main.storyboard; sourceTree = "<group>"; };
		3BECFB4D22473DC20025BAB9 /* Assets.xcassets */ = {isa = PBXFileReference; lastKnownFileType = folder.assetcatalog; path = Assets.xcassets; sourceTree = "<group>"; };
		3BECFB5022473DC20025BAB9 /* Base */ = {isa = PBXFileReference; lastKnownFileType = file.storyboard; name = Base; path = Base.lproj/LaunchScreen.storyboard; sourceTree = "<group>"; };
		3BECFB5222473DC20025BAB9 /* Info.plist */ = {isa = PBXFileReference; lastKnownFileType = text.plist.xml; path = Info.plist; sourceTree = "<group>"; };
/* End PBXFileReference section */

/* Begin PBXFrameworksBuildPhase section */
		3BECFB4022473DC10025BAB9 /* Frameworks */ = {
			isa = PBXFrameworksBuildPhase;
			buildActionMask = 2147483647;
			files = (
			);
			runOnlyForDeploymentPostprocessing = 0;
		};
/* End PBXFrameworksBuildPhase section */

/* Begin PBXGroup section */
		3BECFB3A22473DC10025BAB9 = {
			isa = PBXGroup;
			children = (
				3BECFB4522473DC10025BAB9 /* Lesson 78 -> 82: Tableview */,
				3BECFB4422473DC10025BAB9 /* Products */,
			);
			sourceTree = "<group>";
		};
		3BECFB4422473DC10025BAB9 /* Products */ = {
			isa = PBXGroup;
			children = (
				3BECFB4322473DC10025BAB9 /* Lesson 78 -> 82: Tableview.app */,
			);
			name = Products;
			sourceTree = "<group>";
		};
		3BECFB4522473DC10025BAB9 /* Lesson 78 -> 82: Tableview */ = {
			isa = PBXGroup;
			children = (
				3B13B877224CDE7D00081C0D /* CellTableViewCell.swift */,
				3BECFB4622473DC10025BAB9 /* AppDelegate.swift */,
				3BECFB4822473DC10025BAB9 /* ViewController.swift */,
				3BECFB4A22473DC10025BAB9 /* Main.storyboard */,
				3BECFB4D22473DC20025BAB9 /* Assets.xcassets */,
				3B13B879224CEE5D00081C0D /* ViewControllerView.swift */,
				3BECFB4F22473DC20025BAB9 /* LaunchScreen.storyboard */,
				3BECFB5222473DC20025BAB9 /* Info.plist */,
			);
			path = "Lesson 78 -> 82: Tableview";
			sourceTree = "<group>";
		};
/* End PBXGroup section */

/* Begin PBXNativeTarget section */
		3BECFB4222473DC10025BAB9 /* Lesson 78 -> 82: Tableview */ = {
			isa = PBXNativeTarget;
			buildConfigurationList = 3BECFB5522473DC20025BAB9 /* Build configuration list for PBXNativeTarget "Lesson 78 -> 82: Tableview" */;
			buildPhases = (
				3BECFB3F22473DC10025BAB9 /* Sources */,
				3BECFB4022473DC10025BAB9 /* Frameworks */,
				3BECFB4122473DC10025BAB9 /* Resources */,
			);
			buildRules = (
			);
			dependencies = (
			);
			name = "Lesson 78 -> 82: Tableview";
			productName = "Lesson 78 -> 82: Tableview";
			productReference = 3BECFB4322473DC10025BAB9 /* Lesson 78 -> 82: Tableview.app */;
			productType = "com.apple.product-type.application";
		};
/* End PBXNativeTarget section */

/* Begin PBXProject section */
		3BECFB3B22473DC10025BAB9 /* Project object */ = {
			isa = PBXProject;
			attributes = {
				LastSwiftUpdateCheck = 1010;
				LastUpgradeCheck = 1010;
				ORGANIZATIONNAME = "Hoang Viet";
				TargetAttributes = {
					3BECFB4222473DC10025BAB9 = {
						CreatedOnToolsVersion = 10.1;
					};
				};
			};
			buildConfigurationList = 3BECFB3E22473DC10025BAB9 /* Build configuration list for PBXProject "Lesson 78 -> 82: Tableview" */;
			compatibilityVersion = "Xcode 9.3";
			developmentRegion = en;
			hasScannedForEncodings = 0;
			knownRegions = (
				en,
				Base,
			);
			mainGroup = 3BECFB3A22473DC10025BAB9;
			productRefGroup = 3BECFB4422473DC10025BAB9 /* Products */;
			projectDirPath = "";
			projectRoot = "";
			targets = (
				3BECFB4222473DC10025BAB9 /* Lesson 78 -> 82: Tableview */,
			);
		};
/* End PBXProject section */

/* Begin PBXResourcesBuildPhase section */
		3BECFB4122473DC10025BAB9 /* Resources */ = {
			isa = PBXResourcesBuildPhase;
			buildActionMask = 2147483647;
			files = (
				3BECFB5122473DC20025BAB9 /* LaunchScreen.storyboard in Resources */,
				3BECFB4E22473DC20025BAB9 /* Assets.xcassets in Resources */,
				3BECFB4C22473DC10025BAB9 /* Main.storyboard in Resources */,
			);
			runOnlyForDeploymentPostprocessing = 0;
		};
/* End PBXResourcesBuildPhase section */

/* Begin PBXSourcesBuildPhase section */
		3BECFB3F22473DC10025BAB9 /* Sources */ = {
			isa = PBXSourcesBuildPhase;
			buildActionMask = 2147483647;
			files = (
				3B13B878224CDE7D00081C0D /* CellTableViewCell.swift in Sources */,
				3B13B87A224CEE5D00081C0D /* ViewControllerView.swift in Sources */,
				3BECFB4922473DC10025BAB9 /* ViewController.swift in Sources */,
				3BECFB4722473DC10025BAB9 /* AppDelegate.swift in Sources */,
			);
			runOnlyForDeploymentPostprocessing = 0;
		};
/* End PBXSourcesBuildPhase section */

/* Begin PBXVariantGroup section */
		3BECFB4A22473DC10025BAB9 /* Main.storyboard */ = {
			isa = PBXVariantGroup;
			children = (
				3BECFB4B22473DC10025BAB9 /* Base */,
			);
			name = Main.storyboard;
			sourceTree = "<group>";
		};
		3BECFB4F22473DC20025BAB9 /* LaunchScreen.storyboard */ = {
			isa = PBXVariantGroup;
			children = (
				3BECFB5022473DC20025BAB9 /* Base */,
			);
			name = LaunchScreen.storyboard;
			sourceTree = "<group>";
		};
/* End PBXVariantGroup section */

/* Begin XCBuildConfiguration section */
		3BECFB5322473DC20025BAB9 /* Debug */ = {
			isa = XCBuildConfiguration;
			buildSettings = {
				ALWAYS_SEARCH_USER_PATHS = NO;
				CLANG_ANALYZER_NONNULL = YES;
				CLANG_ANALYZER_NUMBER_OBJECT_CONVERSION = YES_AGGRESSIVE;
				CLANG_CXX_LANGUAGE_STANDARD = "gnu++14";
				CLANG_CXX_LIBRARY = "libc++";
				CLANG_ENABLE_MODULES = YES;
				CLANG_ENABLE_OBJC_ARC = YES;
				CLANG_ENABLE_OBJC_WEAK = YES;
				CLANG_WARN_BLOCK_CAPTURE_AUTORELEASING = YES;
				CLANG_WARN_BOOL_CONVERSION = YES;
				CLANG_WARN_COMMA = YES;
				CLANG_WARN_CONSTANT_CONVERSION = YES;
				CLANG_WARN_DEPRECATED_OBJC_IMPLEMENTATIONS = YES;
				CLANG_WARN_DIRECT_OBJC_ISA_USAGE = YES_ERROR;
				CLANG_WARN_DOCUMENTATION_COMMENTS = YES;
				CLANG_WARN_EMPTY_BODY = YES;
				CLANG_WARN_ENUM_CONVERSION = YES;
				CLANG_WARN_INFINITE_RECURSION = YES;
				CLANG_WARN_INT_CONVERSION = YES;
				CLANG_WARN_NON_LITERAL_NULL_CONVERSION = YES;
				CLANG_WARN_OBJC_IMPLICIT_RETAIN_SELF = YES;
				CLANG_WARN_OBJC_LITERAL_CONVERSION = YES;
				CLANG_WARN_OBJC_ROOT_CLASS = YES_ERROR;
				CLANG_WARN_RANGE_LOOP_ANALYSIS = YES;
				CLANG_WARN_STRICT_PROTOTYPES = YES;
				CLANG_WARN_SUSPICIOUS_MOVE = YES;
				CLANG_WARN_UNGUARDED_AVAILABILITY = YES_AGGRESSIVE;
				CLANG_WARN_UNREACHABLE_CODE = YES;
				CLANG_WARN__DUPLICATE_METHOD_MATCH = YES;
				CODE_SIGN_IDENTITY = "iPhone Developer";
				COPY_PHASE_STRIP = NO;
				DEBUG_INFORMATION_FORMAT = dwarf;
				ENABLE_STRICT_OBJC_MSGSEND = YES;
				ENABLE_TESTABILITY = YES;
				GCC_C_LANGUAGE_STANDARD = gnu11;
				GCC_DYNAMIC_NO_PIC = NO;
				GCC_NO_COMMON_BLOCKS = YES;
				GCC_OPTIMIZATION_LEVEL = 0;
				GCC_PREPROCESSOR_DEFINITIONS = (
					"DEBUG=1",
					"$(inherited)",
				);
				GCC_WARN_64_TO_32_BIT_CONVERSION = YES;
				GCC_WARN_ABOUT_RETURN_TYPE = YES_ERROR;
				GCC_WARN_UNDECLARED_SELECTOR = YES;
				GCC_WARN_UNINITIALIZED_AUTOS = YES_AGGRESSIVE;
				GCC_WARN_UNUSED_FUNCTION = YES;
				GCC_WARN_UNUSED_VARIABLE = YES;
				IPHONEOS_DEPLOYMENT_TARGET = 12.1;
				MTL_ENABLE_DEBUG_INFO = INCLUDE_SOURCE;
				MTL_FAST_MATH = YES;
				ONLY_ACTIVE_ARCH = YES;
				SDKROOT = iphoneos;
				SWIFT_ACTIVE_COMPILATION_CONDITIONS = DEBUG;
				SWIFT_OPTIMIZATION_LEVEL = "-Onone";
			};
			name = Debug;
		};
		3BECFB5422473DC20025BAB9 /* Release */ = {
			isa = XCBuildConfiguration;
			buildSettings = {
				ALWAYS_SEARCH_USER_PATHS = NO;
				CLANG_ANALYZER_NONNULL = YES;
				CLANG_ANALYZER_NUMBER_OBJECT_CONVERSION = YES_AGGRESSIVE;
				CLANG_CXX_LANGUAGE_STANDARD = "gnu++14";
				CLANG_CXX_LIBRARY = "libc++";
				CLANG_ENABLE_MODULES = YES;
				CLANG_ENABLE_OBJC_ARC = YES;
				CLANG_ENABLE_OBJC_WEAK = YES;
				CLANG_WARN_BLOCK_CAPTURE_AUTORELEASING = YES;
				CLANG_WARN_BOOL_CONVERSION = YES;
				CLANG_WARN_COMMA = YES;
				CLANG_WARN_CONSTANT_CONVERSION = YES;
				CLANG_WARN_DEPRECATED_OBJC_IMPLEMENTATIONS = YES;
				CLANG_WARN_DIRECT_OBJC_ISA_USAGE = YES_ERROR;
				CLANG_WARN_DOCUMENTATION_COMMENTS = YES;
				CLANG_WARN_EMPTY_BODY = YES;
				CLANG_WARN_ENUM_CONVERSION = YES;
				CLANG_WARN_INFINITE_RECURSION = YES;
				CLANG_WARN_INT_CONVERSION = YES;
				CLANG_WARN_NON_LITERAL_NULL_CONVERSION = YES;
				CLANG_WARN_OBJC_IMPLICIT_RETAIN_SELF = YES;
				CLANG_WARN_OBJC_LITERAL_CONVERSION = YES;
				CLANG_WARN_OBJC_ROOT_CLASS = YES_ERROR;
				CLANG_WARN_RANGE_LOOP_ANALYSIS = YES;
				CLANG_WARN_STRICT_PROTOTYPES = YES;
				CLANG_WARN_SUSPICIOUS_MOVE = YES;
				CLANG_WARN_UNGUARDED_AVAILABILITY = YES_AGGRESSIVE;
				CLANG_WARN_UNREACHABLE_CODE = YES;
				CLANG_WARN__DUPLICATE_METHOD_MATCH = YES;
				CODE_SIGN_IDENTITY = "iPhone Developer";
				COPY_PHASE_STRIP = NO;
				DEBUG_INFORMATION_FORMAT = "dwarf-with-dsym";
				ENABLE_NS_ASSERTIONS = NO;
				ENABLE_STRICT_OBJC_MSGSEND = YES;
				GCC_C_LANGUAGE_STANDARD = gnu11;
				GCC_NO_COMMON_BLOCKS = YES;
				GCC_WARN_64_TO_32_BIT_CONVERSION = YES;
				GCC_WARN_ABOUT_RETURN_TYPE = YES_ERROR;
				GCC_WARN_UNDECLARED_SELECTOR = YES;
				GCC_WARN_UNINITIALIZED_AUTOS = YES_AGGRESSIVE;
				GCC_WARN_UNUSED_FUNCTION = YES;
				GCC_WARN_UNUSED_VARIABLE = YES;
				IPHONEOS_DEPLOYMENT_TARGET = 12.1;
				MTL_ENABLE_DEBUG_INFO = NO;
				MTL_FAST_MATH = YES;
				SDKROOT = iphoneos;
				SWIFT_COMPILATION_MODE = wholemodule;
				SWIFT_OPTIMIZATION_LEVEL = "-O";
				VALIDATE_PRODUCT = YES;
			};
			name = Release;
		};
		3BECFB5622473DC20025BAB9 /* Debug */ = {
			isa = XCBuildConfiguration;
			buildSettings = {
				ASSETCATALOG_COMPILER_APPICON_NAME = AppIcon;
				CODE_SIGN_STYLE = Automatic;
				DEVELOPMENT_TEAM = JRSZ4688V4;
				INFOPLIST_FILE = "Lesson 78 -> 82: Tableview/Info.plist";
				LD_RUNPATH_SEARCH_PATHS = (
					"$(inherited)",
					"@executable_path/Frameworks",
				);
				PRODUCT_BUNDLE_IDENTIFIER = "com.Lesson-78----82--Tableview";
				PRODUCT_NAME = "$(TARGET_NAME)";
				SWIFT_VERSION = 4.2;
				TARGETED_DEVICE_FAMILY = "1,2";
			};
			name = Debug;
		};
		3BECFB5722473DC20025BAB9 /* Release */ = {
			isa = XCBuildConfiguration;
			buildSettings = {
				ASSETCATALOG_COMPILER_APPICON_NAME = AppIcon;
				CODE_SIGN_STYLE = Automatic;
				DEVELOPMENT_TEAM = JRSZ4688V4;
				INFOPLIST_FILE = "Lesson 78 -> 82: Tableview/Info.plist";
				LD_RUNPATH_SEARCH_PATHS = (
					"$(inherited)",
					"@executable_path/Frameworks",
				);
				PRODUCT_BUNDLE_IDENTIFIER = "com.Lesson-78----82--Tableview";
				PRODUCT_NAME = "$(TARGET_NAME)";
				SWIFT_VERSION = 4.2;
				TARGETED_DEVICE_FAMILY = "1,2";
			};
			name = Release;
		};
/* End XCBuildConfiguration section */

/* Begin XCConfigurationList section */
		3BECFB3E22473DC10025BAB9 /* Build configuration list for PBXProject "Lesson 78 -> 82: Tableview" */ = {
			isa = XCConfigurationList;
			buildConfigurations = (
				3BECFB5322473DC20025BAB9 /* Debug */,
				3BECFB5422473DC20025BAB9 /* Release */,
			);
			defaultConfigurationIsVisible = 0;
			defaultConfigurationName = Release;
		};
		3BECFB5522473DC20025BAB9 /* Build configuration list for PBXNativeTarget "Lesson 78 -> 82: Tableview" */ = {
			isa = XCConfigurationList;
			buildConfigurations = (
				3BECFB5622473DC20025BAB9 /* Debug */,
				3BECFB5722473DC20025BAB9 /* Release */,
			);
			defaultConfigurationIsVisible = 0;
			defaultConfigurationName = Release;
		};
/* End XCConfigurationList section */
	};
	rootObject = 3BECFB3B22473DC10025BAB9 /* Project object */;
}
