// !$*UTF8*$!
{
	archiveVersion = 1;
	classes = {
	};
	objectVersion = 50;
	objects = {

/* Begin PBXBuildFile section */
		3BBCF898220D4E1100A272DB /* AppDelegate.swift in Sources */ = {isa = PBXBuildFile; fileRef = 3BBCF897220D4E1100A272DB /* AppDelegate.swift */; };
		3BBCF89A220D4E1100A272DB /* ViewController.swift in Sources */ = {isa = PBXBuildFile; fileRef = 3BBCF899220D4E1100A272DB /* ViewController.swift */; };
		3BBCF89D220D4E1100A272DB /* Main.storyboard in Resources */ = {isa = PBXBuildFile; fileRef = 3BBCF89B220D4E1100A272DB /* Main.storyboard */; };
		3BBCF89F220D4E1200A272DB /* Assets.xcassets in Resources */ = {isa = PBXBuildFile; fileRef = 3BBCF89E220D4E1200A272DB /* Assets.xcassets */; };
		3BBCF8A2220D4E1200A272DB /* LaunchScreen.storyboard in Resources */ = {isa = PBXBuildFile; fileRef = 3BBCF8A0220D4E1200A272DB /* LaunchScreen.storyboard */; };
/* End PBXBuildFile section */

/* Begin PBXFileReference section */
		3BBCF894220D4E1100A272DB /* Lesson_24:_AlertAddTextfield.app */ = {isa = PBXFileReference; explicitFileType = wrapper.application; includeInIndex = 0; path = "Lesson_24:_AlertAddTextfield.app"; sourceTree = BUILT_PRODUCTS_DIR; };
		3BBCF897220D4E1100A272DB /* AppDelegate.swift */ = {isa = PBXFileReference; lastKnownFileType = sourcecode.swift; path = AppDelegate.swift; sourceTree = "<group>"; };
		3BBCF899220D4E1100A272DB /* ViewController.swift */ = {isa = PBXFileReference; lastKnownFileType = sourcecode.swift; path = ViewController.swift; sourceTree = "<group>"; };
		3BBCF89C220D4E1100A272DB /* Base */ = {isa = PBXFileReference; lastKnownFileType = file.storyboard; name = Base; path = Base.lproj/Main.storyboard; sourceTree = "<group>"; };
		3BBCF89E220D4E1200A272DB /* Assets.xcassets */ = {isa = PBXFileReference; lastKnownFileType = folder.assetcatalog; path = Assets.xcassets; sourceTree = "<group>"; };
		3BBCF8A1220D4E1200A272DB /* Base */ = {isa = PBXFileReference; lastKnownFileType = file.storyboard; name = Base; path = Base.lproj/LaunchScreen.storyboard; sourceTree = "<group>"; };
		3BBCF8A3220D4E1200A272DB /* Info.plist */ = {isa = PBXFileReference; lastKnownFileType = text.plist.xml; path = Info.plist; sourceTree = "<group>"; };
/* End PBXFileReference section */

/* Begin PBXFrameworksBuildPhase section */
		3BBCF891220D4E1100A272DB /* Frameworks */ = {
			isa = PBXFrameworksBuildPhase;
			buildActionMask = 2147483647;
			files = (
			);
			runOnlyForDeploymentPostprocessing = 0;
		};
/* End PBXFrameworksBuildPhase section */

/* Begin PBXGroup section */
		3BBCF88B220D4E1100A272DB = {
			isa = PBXGroup;
			children = (
				3BBCF896220D4E1100A272DB /* Lesson_24:_AlertAddTextfield */,
				3BBCF895220D4E1100A272DB /* Products */,
			);
			sourceTree = "<group>";
		};
		3BBCF895220D4E1100A272DB /* Products */ = {
			isa = PBXGroup;
			children = (
				3BBCF894220D4E1100A272DB /* Lesson_24:_AlertAddTextfield.app */,
			);
			name = Products;
			sourceTree = "<group>";
		};
		3BBCF896220D4E1100A272DB /* Lesson_24:_AlertAddTextfield */ = {
			isa = PBXGroup;
			children = (
				3BBCF897220D4E1100A272DB /* AppDelegate.swift */,
				3BBCF899220D4E1100A272DB /* ViewController.swift */,
				3BBCF89B220D4E1100A272DB /* Main.storyboard */,
				3BBCF89E220D4E1200A272DB /* Assets.xcassets */,
				3BBCF8A0220D4E1200A272DB /* LaunchScreen.storyboard */,
				3BBCF8A3220D4E1200A272DB /* Info.plist */,
			);
			path = "Lesson_24:_AlertAddTextfield";
			sourceTree = "<group>";
		};
/* End PBXGroup section */

/* Begin PBXNativeTarget section */
		3BBCF893220D4E1100A272DB /* Lesson_24:_AlertAddTextfield */ = {
			isa = PBXNativeTarget;
			buildConfigurationList = 3BBCF8A6220D4E1200A272DB /* Build configuration list for PBXNativeTarget "Lesson_24:_AlertAddTextfield" */;
			buildPhases = (
				3BBCF890220D4E1100A272DB /* Sources */,
				3BBCF891220D4E1100A272DB /* Frameworks */,
				3BBCF892220D4E1100A272DB /* Resources */,
			);
			buildRules = (
			);
			dependencies = (
			);
			name = "Lesson_24:_AlertAddTextfield";
			productName = "Lesson_24:_AlertAddTextfield";
			productReference = 3BBCF894220D4E1100A272DB /* Lesson_24:_AlertAddTextfield.app */;
			productType = "com.apple.product-type.application";
		};
/* End PBXNativeTarget section */

/* Begin PBXProject section */
		3BBCF88C220D4E1100A272DB /* Project object */ = {
			isa = PBXProject;
			attributes = {
				LastSwiftUpdateCheck = 1010;
				LastUpgradeCheck = 1010;
				ORGANIZATIONNAME = "Hoang Viet";
				TargetAttributes = {
					3BBCF893220D4E1100A272DB = {
						CreatedOnToolsVersion = 10.1;
					};
				};
			};
			buildConfigurationList = 3BBCF88F220D4E1100A272DB /* Build configuration list for PBXProject "Lesson_24:_AlertAddTextfield" */;
			compatibilityVersion = "Xcode 9.3";
			developmentRegion = en;
			hasScannedForEncodings = 0;
			knownRegions = (
				en,
				Base,
			);
			mainGroup = 3BBCF88B220D4E1100A272DB;
			productRefGroup = 3BBCF895220D4E1100A272DB /* Products */;
			projectDirPath = "";
			projectRoot = "";
			targets = (
				3BBCF893220D4E1100A272DB /* Lesson_24:_AlertAddTextfield */,
			);
		};
/* End PBXProject section */

/* Begin PBXResourcesBuildPhase section */
		3BBCF892220D4E1100A272DB /* Resources */ = {
			isa = PBXResourcesBuildPhase;
			buildActionMask = 2147483647;
			files = (
				3BBCF8A2220D4E1200A272DB /* LaunchScreen.storyboard in Resources */,
				3BBCF89F220D4E1200A272DB /* Assets.xcassets in Resources */,
				3BBCF89D220D4E1100A272DB /* Main.storyboard in Resources */,
			);
			runOnlyForDeploymentPostprocessing = 0;
		};
/* End PBXResourcesBuildPhase section */

/* Begin PBXSourcesBuildPhase section */
		3BBCF890220D4E1100A272DB /* Sources */ = {
			isa = PBXSourcesBuildPhase;
			buildActionMask = 2147483647;
			files = (
				3BBCF89A220D4E1100A272DB /* ViewController.swift in Sources */,
				3BBCF898220D4E1100A272DB /* AppDelegate.swift in Sources */,
			);
			runOnlyForDeploymentPostprocessing = 0;
		};
/* End PBXSourcesBuildPhase section */

/* Begin PBXVariantGroup section */
		3BBCF89B220D4E1100A272DB /* Main.storyboard */ = {
			isa = PBXVariantGroup;
			children = (
				3BBCF89C220D4E1100A272DB /* Base */,
			);
			name = Main.storyboard;
			sourceTree = "<group>";
		};
		3BBCF8A0220D4E1200A272DB /* LaunchScreen.storyboard */ = {
			isa = PBXVariantGroup;
			children = (
				3BBCF8A1220D4E1200A272DB /* Base */,
			);
			name = LaunchScreen.storyboard;
			sourceTree = "<group>";
		};
/* End PBXVariantGroup section */

/* Begin XCBuildConfiguration section */
		3BBCF8A4220D4E1200A272DB /* Debug */ = {
			isa = XCBuildConfiguration;
			buildSettings = {
				ALWAYS_SEARCH_USER_PATHS = NO;
				CLANG_ANALYZER_NONNULL = YES;
				CLANG_ANALYZER_NUMBER_OBJECT_CONVERSION = YES_AGGRESSIVE;
				CLANG_CXX_LANGUAGE_STANDARD = "gnu++14";
				CLANG_CXX_LIBRARY = "libc++";
				CLANG_ENABLE_MODULES = YES;
				CLANG_ENABLE_OBJC_ARC = YES;
				CLANG_ENABLE_OBJC_WEAK = YES;
				CLANG_WARN_BLOCK_CAPTURE_AUTORELEASING = YES;
				CLANG_WARN_BOOL_CONVERSION = YES;
				CLANG_WARN_COMMA = YES;
				CLANG_WARN_CONSTANT_CONVERSION = YES;
				CLANG_WARN_DEPRECATED_OBJC_IMPLEMENTATIONS = YES;
				CLANG_WARN_DIRECT_OBJC_ISA_USAGE = YES_ERROR;
				CLANG_WARN_DOCUMENTATION_COMMENTS = YES;
				CLANG_WARN_EMPTY_BODY = YES;
				CLANG_WARN_ENUM_CONVERSION = YES;
				CLANG_WARN_INFINITE_RECURSION = YES;
				CLANG_WARN_INT_CONVERSION = YES;
				CLANG_WARN_NON_LITERAL_NULL_CONVERSION = YES;
				CLANG_WARN_OBJC_IMPLICIT_RETAIN_SELF = YES;
				CLANG_WARN_OBJC_LITERAL_CONVERSION = YES;
				CLANG_WARN_OBJC_ROOT_CLASS = YES_ERROR;
				CLANG_WARN_RANGE_LOOP_ANALYSIS = YES;
				CLANG_WARN_STRICT_PROTOTYPES = YES;
				CLANG_WARN_SUSPICIOUS_MOVE = YES;
				CLANG_WARN_UNGUARDED_AVAILABILITY = YES_AGGRESSIVE;
				CLANG_WARN_UNREACHABLE_CODE = YES;
				CLANG_WARN__DUPLICATE_METHOD_MATCH = YES;
				CODE_SIGN_IDENTITY = "iPhone Developer";
				COPY_PHASE_STRIP = NO;
				DEBUG_INFORMATION_FORMAT = dwarf;
				ENABLE_STRICT_OBJC_MSGSEND = YES;
				ENABLE_TESTABILITY = YES;
				GCC_C_LANGUAGE_STANDARD = gnu11;
				GCC_DYNAMIC_NO_PIC = NO;
				GCC_NO_COMMON_BLOCKS = YES;
				GCC_OPTIMIZATION_LEVEL = 0;
				GCC_PREPROCESSOR_DEFINITIONS = (
					"DEBUG=1",
					"$(inherited)",
				);
				GCC_WARN_64_TO_32_BIT_CONVERSION = YES;
				GCC_WARN_ABOUT_RETURN_TYPE = YES_ERROR;
				GCC_WARN_UNDECLARED_SELECTOR = YES;
				GCC_WARN_UNINITIALIZED_AUTOS = YES_AGGRESSIVE;
				GCC_WARN_UNUSED_FUNCTION = YES;
				GCC_WARN_UNUSED_VARIABLE = YES;
				IPHONEOS_DEPLOYMENT_TARGET = 12.1;
				MTL_ENABLE_DEBUG_INFO = INCLUDE_SOURCE;
				MTL_FAST_MATH = YES;
				ONLY_ACTIVE_ARCH = YES;
				SDKROOT = iphoneos;
				SWIFT_ACTIVE_COMPILATION_CONDITIONS = DEBUG;
				SWIFT_OPTIMIZATION_LEVEL = "-Onone";
			};
			name = Debug;
		};
		3BBCF8A5220D4E1200A272DB /* Release */ = {
			isa = XCBuildConfiguration;
			buildSettings = {
				ALWAYS_SEARCH_USER_PATHS = NO;
				CLANG_ANALYZER_NONNULL = YES;
				CLANG_ANALYZER_NUMBER_OBJECT_CONVERSION = YES_AGGRESSIVE;
				CLANG_CXX_LANGUAGE_STANDARD = "gnu++14";
				CLANG_CXX_LIBRARY = "libc++";
				CLANG_ENABLE_MODULES = YES;
				CLANG_ENABLE_OBJC_ARC = YES;
				CLANG_ENABLE_OBJC_WEAK = YES;
				CLANG_WARN_BLOCK_CAPTURE_AUTORELEASING = YES;
				CLANG_WARN_BOOL_CONVERSION = YES;
				CLANG_WARN_COMMA = YES;
				CLANG_WARN_CONSTANT_CONVERSION = YES;
				CLANG_WARN_DEPRECATED_OBJC_IMPLEMENTATIONS = YES;
				CLANG_WARN_DIRECT_OBJC_ISA_USAGE = YES_ERROR;
				CLANG_WARN_DOCUMENTATION_COMMENTS = YES;
				CLANG_WARN_EMPTY_BODY = YES;
				CLANG_WARN_ENUM_CONVERSION = YES;
				CLANG_WARN_INFINITE_RECURSION = YES;
				CLANG_WARN_INT_CONVERSION = YES;
				CLANG_WARN_NON_LITERAL_NULL_CONVERSION = YES;
				CLANG_WARN_OBJC_IMPLICIT_RETAIN_SELF = YES;
				CLANG_WARN_OBJC_LITERAL_CONVERSION = YES;
				CLANG_WARN_OBJC_ROOT_CLASS = YES_ERROR;
				CLANG_WARN_RANGE_LOOP_ANALYSIS = YES;
				CLANG_WARN_STRICT_PROTOTYPES = YES;
				CLANG_WARN_SUSPICIOUS_MOVE = YES;
				CLANG_WARN_UNGUARDED_AVAILABILITY = YES_AGGRESSIVE;
				CLANG_WARN_UNREACHABLE_CODE = YES;
				CLANG_WARN__DUPLICATE_METHOD_MATCH = YES;
				CODE_SIGN_IDENTITY = "iPhone Developer";
				COPY_PHASE_STRIP = NO;
				DEBUG_INFORMATION_FORMAT = "dwarf-with-dsym";
				ENABLE_NS_ASSERTIONS = NO;
				ENABLE_STRICT_OBJC_MSGSEND = YES;
				GCC_C_LANGUAGE_STANDARD = gnu11;
				GCC_NO_COMMON_BLOCKS = YES;
				GCC_WARN_64_TO_32_BIT_CONVERSION = YES;
				GCC_WARN_ABOUT_RETURN_TYPE = YES_ERROR;
				GCC_WARN_UNDECLARED_SELECTOR = YES;
				GCC_WARN_UNINITIALIZED_AUTOS = YES_AGGRESSIVE;
				GCC_WARN_UNUSED_FUNCTION = YES;
				GCC_WARN_UNUSED_VARIABLE = YES;
				IPHONEOS_DEPLOYMENT_TARGET = 12.1;
				MTL_ENABLE_DEBUG_INFO = NO;
				MTL_FAST_MATH = YES;
				SDKROOT = iphoneos;
				SWIFT_COMPILATION_MODE = wholemodule;
				SWIFT_OPTIMIZATION_LEVEL = "-O";
				VALIDATE_PRODUCT = YES;
			};
			name = Release;
		};
		3BBCF8A7220D4E1200A272DB /* Debug */ = {
			isa = XCBuildConfiguration;
			buildSettings = {
				ASSETCATALOG_COMPILER_APPICON_NAME = AppIcon;
				CODE_SIGN_STYLE = Automatic;
				INFOPLIST_FILE = "Lesson_24:_AlertAddTextfield/Info.plist";
				LD_RUNPATH_SEARCH_PATHS = (
					"$(inherited)",
					"@executable_path/Frameworks",
				);
				PRODUCT_BUNDLE_IDENTIFIER = "com.Lesson-24--AlertAddTextfield";
				PRODUCT_NAME = "$(TARGET_NAME)";
				SWIFT_VERSION = 4.2;
				TARGETED_DEVICE_FAMILY = "1,2";
			};
			name = Debug;
		};
		3BBCF8A8220D4E1200A272DB /* Release */ = {
			isa = XCBuildConfiguration;
			buildSettings = {
				ASSETCATALOG_COMPILER_APPICON_NAME = AppIcon;
				CODE_SIGN_STYLE = Automatic;
				INFOPLIST_FILE = "Lesson_24:_AlertAddTextfield/Info.plist";
				LD_RUNPATH_SEARCH_PATHS = (
					"$(inherited)",
					"@executable_path/Frameworks",
				);
				PRODUCT_BUNDLE_IDENTIFIER = "com.Lesson-24--AlertAddTextfield";
				PRODUCT_NAME = "$(TARGET_NAME)";
				SWIFT_VERSION = 4.2;
				TARGETED_DEVICE_FAMILY = "1,2";
			};
			name = Release;
		};
/* End XCBuildConfiguration section */

/* Begin XCConfigurationList section */
		3BBCF88F220D4E1100A272DB /* Build configuration list for PBXProject "Lesson_24:_AlertAddTextfield" */ = {
			isa = XCConfigurationList;
			buildConfigurations = (
				3BBCF8A4220D4E1200A272DB /* Debug */,
				3BBCF8A5220D4E1200A272DB /* Release */,
			);
			defaultConfigurationIsVisible = 0;
			defaultConfigurationName = Release;
		};
		3BBCF8A6220D4E1200A272DB /* Build configuration list for PBXNativeTarget "Lesson_24:_AlertAddTextfield" */ = {
			isa = XCConfigurationList;
			buildConfigurations = (
				3BBCF8A7220D4E1200A272DB /* Debug */,
				3BBCF8A8220D4E1200A272DB /* Release */,
			);
			defaultConfigurationIsVisible = 0;
			defaultConfigurationName = Release;
		};
/* End XCConfigurationList section */
	};
	rootObject = 3BBCF88C220D4E1100A272DB /* Project object */;
}
